// !$*UTF8*$!
{
	archiveVersion = 1;
	classes = {
	};
	objectVersion = 46;
	objects = {

/* Begin PBXBuildFile section */
		7CB7302985653F512BA3808D /* libPods.a in Frameworks */ = {isa = PBXBuildFile; fileRef = 64B202259909B32DA975447F /* libPods.a */; };
		EDC716EA1BB8CCAD008B2CF0 /* DTDetailArticle.m in Sources */ = {isa = PBXBuildFile; fileRef = EDC716E91BB8CCAD008B2CF0 /* DTDetailArticle.m */; settings = {ASSET_TAGS = (); }; };
		EDD73CA71BB9924000DD3FD8 /* ALHeaderView.m in Sources */ = {isa = PBXBuildFile; fileRef = EDD73CA21BB9924000DD3FD8 /* ALHeaderView.m */; settings = {ASSET_TAGS = (); }; };
		EDDE7DC71BB8C53A00C24368 /* DTDetailViewContoller.m in Sources */ = {isa = PBXBuildFile; fileRef = EDDE7DC61BB8C53A00C24368 /* DTDetailViewContoller.m */; settings = {ASSET_TAGS = (); }; };
		EDE244461BB644BB0066E84F /* main.m in Sources */ = {isa = PBXBuildFile; fileRef = EDE244451BB644BB0066E84F /* main.m */; };
		EDE244491BB644BB0066E84F /* AppDelegate.m in Sources */ = {isa = PBXBuildFile; fileRef = EDE244481BB644BB0066E84F /* AppDelegate.m */; };
		EDE2444F1BB644BB0066E84F /* Main.storyboard in Resources */ = {isa = PBXBuildFile; fileRef = EDE2444D1BB644BB0066E84F /* Main.storyboard */; };
		EDE244511BB644BB0066E84F /* Assets.xcassets in Resources */ = {isa = PBXBuildFile; fileRef = EDE244501BB644BB0066E84F /* Assets.xcassets */; };
		EDE244541BB644BB0066E84F /* LaunchScreen.storyboard in Resources */ = {isa = PBXBuildFile; fileRef = EDE244521BB644BB0066E84F /* LaunchScreen.storyboard */; };
		EDE2445F1BB644BB0066E84F /* DevToutiaoTests.m in Sources */ = {isa = PBXBuildFile; fileRef = EDE2445E1BB644BB0066E84F /* DevToutiaoTests.m */; };
		EDE2446A1BB644BB0066E84F /* DevToutiaoUITests.m in Sources */ = {isa = PBXBuildFile; fileRef = EDE244691BB644BB0066E84F /* DevToutiaoUITests.m */; };
		EDE2447B1BB680250066E84F /* DTDailies.m in Sources */ = {isa = PBXBuildFile; fileRef = EDE2447A1BB680250066E84F /* DTDailies.m */; settings = {ASSET_TAGS = (); }; };
		EDE2447F1BB680E40066E84F /* DTArticle.m in Sources */ = {isa = PBXBuildFile; fileRef = EDE2447E1BB680E40066E84F /* DTArticle.m */; settings = {ASSET_TAGS = (); }; };
		EDE244861BB68A570066E84F /* DTHomeTableViewController.m in Sources */ = {isa = PBXBuildFile; fileRef = EDE244851BB68A570066E84F /* DTHomeTableViewController.m */; settings = {ASSET_TAGS = (); }; };
		EDE2448C1BB6D44B0066E84F /* DTArticleCell.m in Sources */ = {isa = PBXBuildFile; fileRef = EDE2448B1BB6D44B0066E84F /* DTArticleCell.m */; settings = {ASSET_TAGS = (); }; };
/* End PBXBuildFile section */

/* Begin PBXContainerItemProxy section */
		EDE2445B1BB644BB0066E84F /* PBXContainerItemProxy */ = {
			isa = PBXContainerItemProxy;
			containerPortal = EDE244391BB644BB0066E84F /* Project object */;
			proxyType = 1;
			remoteGlobalIDString = EDE244401BB644BB0066E84F;
			remoteInfo = DevToutiao;
		};
		EDE244661BB644BB0066E84F /* PBXContainerItemProxy */ = {
			isa = PBXContainerItemProxy;
			containerPortal = EDE244391BB644BB0066E84F /* Project object */;
			proxyType = 1;
			remoteGlobalIDString = EDE244401BB644BB0066E84F;
			remoteInfo = DevToutiao;
		};
/* End PBXContainerItemProxy section */

/* Begin PBXFileReference section */
		623AD2CF4F8D7F35C4129A9F /* Pods.debug.xcconfig */ = {isa = PBXFileReference; includeInIndex = 1; lastKnownFileType = text.xcconfig; name = Pods.debug.xcconfig; path = "Pods/Target Support Files/Pods/Pods.debug.xcconfig"; sourceTree = "<group>"; };
		64B202259909B32DA975447F /* libPods.a */ = {isa = PBXFileReference; explicitFileType = archive.ar; includeInIndex = 0; path = libPods.a; sourceTree = BUILT_PRODUCTS_DIR; };
		C08781E0005BC9F6D33E0C2B /* Pods.release.xcconfig */ = {isa = PBXFileReference; includeInIndex = 1; lastKnownFileType = text.xcconfig; name = Pods.release.xcconfig; path = "Pods/Target Support Files/Pods/Pods.release.xcconfig"; sourceTree = "<group>"; };
		EDC716E81BB8CCAD008B2CF0 /* DTDetailArticle.h */ = {isa = PBXFileReference; fileEncoding = 4; lastKnownFileType = sourcecode.c.h; name = DTDetailArticle.h; path = DetailView/Model/DTDetailArticle.h; sourceTree = "<group>"; };
		EDC716E91BB8CCAD008B2CF0 /* DTDetailArticle.m */ = {isa = PBXFileReference; fileEncoding = 4; lastKnownFileType = sourcecode.c.objc; name = DTDetailArticle.m; path = DetailView/Model/DTDetailArticle.m; sourceTree = "<group>"; };
		EDD73CA11BB9924000DD3FD8 /* ALHeaderView.h */ = {isa = PBXFileReference; fileEncoding = 4; lastKnownFileType = sourcecode.c.h; path = ALHeaderView.h; sourceTree = "<group>"; };
		EDD73CA21BB9924000DD3FD8 /* ALHeaderView.m */ = {isa = PBXFileReference; fileEncoding = 4; lastKnownFileType = sourcecode.c.objc; path = ALHeaderView.m; sourceTree = "<group>"; };
		EDDE7DC51BB8C53A00C24368 /* DTDetailViewContoller.h */ = {isa = PBXFileReference; fileEncoding = 4; lastKnownFileType = sourcecode.c.h; name = DTDetailViewContoller.h; path = DetailView/Controller/DTDetailViewContoller.h; sourceTree = "<group>"; };
		EDDE7DC61BB8C53A00C24368 /* DTDetailViewContoller.m */ = {isa = PBXFileReference; fileEncoding = 4; lastKnownFileType = sourcecode.c.objc; name = DTDetailViewContoller.m; path = DetailView/Controller/DTDetailViewContoller.m; sourceTree = "<group>"; };
		EDE244411BB644BB0066E84F /* DevToutiao.app */ = {isa = PBXFileReference; explicitFileType = wrapper.application; includeInIndex = 0; path = DevToutiao.app; sourceTree = BUILT_PRODUCTS_DIR; };
		EDE244451BB644BB0066E84F /* main.m */ = {isa = PBXFileReference; lastKnownFileType = sourcecode.c.objc; path = main.m; sourceTree = "<group>"; };
		EDE244471BB644BB0066E84F /* AppDelegate.h */ = {isa = PBXFileReference; lastKnownFileType = sourcecode.c.h; path = AppDelegate.h; sourceTree = "<group>"; };
		EDE244481BB644BB0066E84F /* AppDelegate.m */ = {isa = PBXFileReference; lastKnownFileType = sourcecode.c.objc; path = AppDelegate.m; sourceTree = "<group>"; };
		EDE2444E1BB644BB0066E84F /* Base */ = {isa = PBXFileReference; lastKnownFileType = file.storyboard; name = Base; path = Base.lproj/Main.storyboard; sourceTree = "<group>"; };
		EDE244501BB644BB0066E84F /* Assets.xcassets */ = {isa = PBXFileReference; lastKnownFileType = folder.assetcatalog; path = Assets.xcassets; sourceTree = "<group>"; };
		EDE244531BB644BB0066E84F /* Base */ = {isa = PBXFileReference; lastKnownFileType = file.storyboard; name = Base; path = Base.lproj/LaunchScreen.storyboard; sourceTree = "<group>"; };
		EDE244551BB644BB0066E84F /* Info.plist */ = {isa = PBXFileReference; lastKnownFileType = text.plist.xml; path = Info.plist; sourceTree = "<group>"; };
		EDE2445A1BB644BB0066E84F /* DevToutiaoTests.xctest */ = {isa = PBXFileReference; explicitFileType = wrapper.cfbundle; includeInIndex = 0; path = DevToutiaoTests.xctest; sourceTree = BUILT_PRODUCTS_DIR; };
		EDE2445E1BB644BB0066E84F /* DevToutiaoTests.m */ = {isa = PBXFileReference; lastKnownFileType = sourcecode.c.objc; path = DevToutiaoTests.m; sourceTree = "<group>"; };
		EDE244601BB644BB0066E84F /* Info.plist */ = {isa = PBXFileReference; lastKnownFileType = text.plist.xml; path = Info.plist; sourceTree = "<group>"; };
		EDE244651BB644BB0066E84F /* DevToutiaoUITests.xctest */ = {isa = PBXFileReference; explicitFileType = wrapper.cfbundle; includeInIndex = 0; path = DevToutiaoUITests.xctest; sourceTree = BUILT_PRODUCTS_DIR; };
		EDE244691BB644BB0066E84F /* DevToutiaoUITests.m */ = {isa = PBXFileReference; lastKnownFileType = sourcecode.c.objc; path = DevToutiaoUITests.m; sourceTree = "<group>"; };
		EDE2446B1BB644BB0066E84F /* Info.plist */ = {isa = PBXFileReference; lastKnownFileType = text.plist.xml; path = Info.plist; sourceTree = "<group>"; };
		EDE244791BB680250066E84F /* DTDailies.h */ = {isa = PBXFileReference; fileEncoding = 4; lastKnownFileType = sourcecode.c.h; name = DTDailies.h; path = HomeView/Model/DTDailies.h; sourceTree = "<group>"; };
		EDE2447A1BB680250066E84F /* DTDailies.m */ = {isa = PBXFileReference; fileEncoding = 4; lastKnownFileType = sourcecode.c.objc; name = DTDailies.m; path = HomeView/Model/DTDailies.m; sourceTree = "<group>"; };
		EDE2447D1BB680E40066E84F /* DTArticle.h */ = {isa = PBXFileReference; fileEncoding = 4; lastKnownFileType = sourcecode.c.h; name = DTArticle.h; path = HomeView/Model/DTArticle.h; sourceTree = "<group>"; };
		EDE2447E1BB680E40066E84F /* DTArticle.m */ = {isa = PBXFileReference; fileEncoding = 4; lastKnownFileType = sourcecode.c.objc; name = DTArticle.m; path = HomeView/Model/DTArticle.m; sourceTree = "<group>"; };
		EDE244841BB68A570066E84F /* DTHomeTableViewController.h */ = {isa = PBXFileReference; fileEncoding = 4; lastKnownFileType = sourcecode.c.h; name = DTHomeTableViewController.h; path = HomeView/Controller/DTHomeTableViewController.h; sourceTree = "<group>"; };
		EDE244851BB68A570066E84F /* DTHomeTableViewController.m */ = {isa = PBXFileReference; fileEncoding = 4; lastKnownFileType = sourcecode.c.objc; name = DTHomeTableViewController.m; path = HomeView/Controller/DTHomeTableViewController.m; sourceTree = "<group>"; };
		EDE244881BB68B3E0066E84F /* DTMacro.h */ = {isa = PBXFileReference; lastKnownFileType = sourcecode.c.h; name = DTMacro.h; path = Macro/DTMacro.h; sourceTree = "<group>"; };
		EDE2448A1BB6D44B0066E84F /* DTArticleCell.h */ = {isa = PBXFileReference; fileEncoding = 4; lastKnownFileType = sourcecode.c.h; name = DTArticleCell.h; path = HomeView/View/DTArticleCell.h; sourceTree = "<group>"; };
		EDE2448B1BB6D44B0066E84F /* DTArticleCell.m */ = {isa = PBXFileReference; fileEncoding = 4; lastKnownFileType = sourcecode.c.objc; name = DTArticleCell.m; path = HomeView/View/DTArticleCell.m; sourceTree = "<group>"; };
/* End PBXFileReference section */

/* Begin PBXFrameworksBuildPhase section */
		EDE2443E1BB644BB0066E84F /* Frameworks */ = {
			isa = PBXFrameworksBuildPhase;
			buildActionMask = 2147483647;
			files = (
				7CB7302985653F512BA3808D /* libPods.a in Frameworks */,
			);
			runOnlyForDeploymentPostprocessing = 0;
		};
		EDE244571BB644BB0066E84F /* Frameworks */ = {
			isa = PBXFrameworksBuildPhase;
			buildActionMask = 2147483647;
			files = (
			);
			runOnlyForDeploymentPostprocessing = 0;
		};
		EDE244621BB644BB0066E84F /* Frameworks */ = {
			isa = PBXFrameworksBuildPhase;
			buildActionMask = 2147483647;
			files = (
			);
			runOnlyForDeploymentPostprocessing = 0;
		};
/* End PBXFrameworksBuildPhase section */

/* Begin PBXGroup section */
		3AED0715B4EBEE8F4F000826 /* Pods */ = {
			isa = PBXGroup;
			children = (
				623AD2CF4F8D7F35C4129A9F /* Pods.debug.xcconfig */,
				C08781E0005BC9F6D33E0C2B /* Pods.release.xcconfig */,
			);
			name = Pods;
			sourceTree = "<group>";
		};
		C851786158ED69B11D4D5784 /* Frameworks */ = {
			isa = PBXGroup;
			children = (
				64B202259909B32DA975447F /* libPods.a */,
			);
			name = Frameworks;
			sourceTree = "<group>";
		};
		EDD73C9F1BB9923400DD3FD8 /* Common */ = {
			isa = PBXGroup;
			children = (
				EDD73CA01BB9924000DD3FD8 /* ALHeaderView */,
			);
			name = Common;
			sourceTree = "<group>";
		};
		EDD73CA01BB9924000DD3FD8 /* ALHeaderView */ = {
			isa = PBXGroup;
			children = (
				EDD73CA11BB9924000DD3FD8 /* ALHeaderView.h */,
				EDD73CA21BB9924000DD3FD8 /* ALHeaderView.m */,
			);
			path = ALHeaderView;
			sourceTree = "<group>";
		};
		EDDE7DC11BB8C4D500C24368 /* DetaiView */ = {
			isa = PBXGroup;
			children = (
				EDDE7DC41BB8C50000C24368 /* Model */,
				EDDE7DC31BB8C4FA00C24368 /* View */,
				EDDE7DC21BB8C4EA00C24368 /* Controller */,
			);
			name = DetaiView;
			sourceTree = "<group>";
		};
		EDDE7DC21BB8C4EA00C24368 /* Controller */ = {
			isa = PBXGroup;
			children = (
				EDDE7DC51BB8C53A00C24368 /* DTDetailViewContoller.h */,
				EDDE7DC61BB8C53A00C24368 /* DTDetailViewContoller.m */,
			);
			name = Controller;
			sourceTree = "<group>";
		};
		EDDE7DC31BB8C4FA00C24368 /* View */ = {
			isa = PBXGroup;
			children = (
			);
			name = View;
			sourceTree = "<group>";
		};
		EDDE7DC41BB8C50000C24368 /* Model */ = {
			isa = PBXGroup;
			children = (
				EDC716E81BB8CCAD008B2CF0 /* DTDetailArticle.h */,
				EDC716E91BB8CCAD008B2CF0 /* DTDetailArticle.m */,
			);
			name = Model;
			sourceTree = "<group>";
		};
		EDE244381BB644BB0066E84F = {
			isa = PBXGroup;
			children = (
				EDE244431BB644BB0066E84F /* DevToutiao */,
				EDE2445D1BB644BB0066E84F /* DevToutiaoTests */,
				EDE244681BB644BB0066E84F /* DevToutiaoUITests */,
				EDE244421BB644BB0066E84F /* Products */,
				3AED0715B4EBEE8F4F000826 /* Pods */,
				C851786158ED69B11D4D5784 /* Frameworks */,
			);
			sourceTree = "<group>";
		};
		EDE244421BB644BB0066E84F /* Products */ = {
			isa = PBXGroup;
			children = (
				EDE244411BB644BB0066E84F /* DevToutiao.app */,
				EDE2445A1BB644BB0066E84F /* DevToutiaoTests.xctest */,
				EDE244651BB644BB0066E84F /* DevToutiaoUITests.xctest */,
			);
			name = Products;
			sourceTree = "<group>";
		};
		EDE244431BB644BB0066E84F /* DevToutiao */ = {
			isa = PBXGroup;
			children = (
				EDD73C9F1BB9923400DD3FD8 /* Common */,
				EDE244871BB68B120066E84F /* Macro */,
				EDE244781BB67F020066E84F /* HomeView */,
				EDDE7DC11BB8C4D500C24368 /* DetaiView */,
				EDE2444D1BB644BB0066E84F /* Main.storyboard */,
				EDE244501BB644BB0066E84F /* Assets.xcassets */,
				EDE244521BB644BB0066E84F /* LaunchScreen.storyboard */,
				EDE244441BB644BB0066E84F /* Supporting Files */,
			);
			path = DevToutiao;
			sourceTree = "<group>";
		};
		EDE244441BB644BB0066E84F /* Supporting Files */ = {
			isa = PBXGroup;
			children = (
				EDE244471BB644BB0066E84F /* AppDelegate.h */,
				EDE244481BB644BB0066E84F /* AppDelegate.m */,
				EDE244551BB644BB0066E84F /* Info.plist */,
				EDE244451BB644BB0066E84F /* main.m */,
			);
			name = "Supporting Files";
			sourceTree = "<group>";
		};
		EDE2445D1BB644BB0066E84F /* DevToutiaoTests */ = {
			isa = PBXGroup;
			children = (
				EDE2445E1BB644BB0066E84F /* DevToutiaoTests.m */,
				EDE244601BB644BB0066E84F /* Info.plist */,
			);
			path = DevToutiaoTests;
			sourceTree = "<group>";
		};
		EDE244681BB644BB0066E84F /* DevToutiaoUITests */ = {
			isa = PBXGroup;
			children = (
				EDE244691BB644BB0066E84F /* DevToutiaoUITests.m */,
				EDE2446B1BB644BB0066E84F /* Info.plist */,
			);
			path = DevToutiaoUITests;
			sourceTree = "<group>";
		};
		EDE244781BB67F020066E84F /* HomeView */ = {
			isa = PBXGroup;
			children = (
				EDE2447C1BB6803E0066E84F /* Model */,
				EDE244891BB6D40C0066E84F /* View */,
				EDE244831BB68A1E0066E84F /* Controller */,
			);
			name = HomeView;
			sourceTree = "<group>";
		};
		EDE2447C1BB6803E0066E84F /* Model */ = {
			isa = PBXGroup;
			children = (
				EDE244791BB680250066E84F /* DTDailies.h */,
				EDE2447A1BB680250066E84F /* DTDailies.m */,
				EDE2447D1BB680E40066E84F /* DTArticle.h */,
				EDE2447E1BB680E40066E84F /* DTArticle.m */,
			);
			name = Model;
			sourceTree = "<group>";
		};
		EDE244831BB68A1E0066E84F /* Controller */ = {
			isa = PBXGroup;
			children = (
				EDE244841BB68A570066E84F /* DTHomeTableViewController.h */,
				EDE244851BB68A570066E84F /* DTHomeTableViewController.m */,
			);
			name = Controller;
			sourceTree = "<group>";
		};
		EDE244871BB68B120066E84F /* Macro */ = {
			isa = PBXGroup;
			children = (
				EDE244881BB68B3E0066E84F /* DTMacro.h */,
			);
			name = Macro;
			sourceTree = "<group>";
		};
		EDE244891BB6D40C0066E84F /* View */ = {
			isa = PBXGroup;
			children = (
				EDE2448A1BB6D44B0066E84F /* DTArticleCell.h */,
				EDE2448B1BB6D44B0066E84F /* DTArticleCell.m */,
			);
			name = View;
			sourceTree = "<group>";
		};
/* End PBXGroup section */

/* Begin PBXNativeTarget section */
		EDE244401BB644BB0066E84F /* DevToutiao */ = {
			isa = PBXNativeTarget;
			buildConfigurationList = EDE2446E1BB644BB0066E84F /* Build configuration list for PBXNativeTarget "DevToutiao" */;
			buildPhases = (
				F56BC7DF4A249253B512F59F /* Check Pods Manifest.lock */,
				EDE2443D1BB644BB0066E84F /* Sources */,
				EDE2443E1BB644BB0066E84F /* Frameworks */,
				EDE2443F1BB644BB0066E84F /* Resources */,
				1E3776B7BE85CC11215474EA /* Embed Pods Frameworks */,
				331472F0998C4C6862E35179 /* Copy Pods Resources */,
			);
			buildRules = (
			);
			dependencies = (
			);
			name = DevToutiao;
			productName = DevToutiao;
			productReference = EDE244411BB644BB0066E84F /* DevToutiao.app */;
			productType = "com.apple.product-type.application";
		};
		EDE244591BB644BB0066E84F /* DevToutiaoTests */ = {
			isa = PBXNativeTarget;
			buildConfigurationList = EDE244711BB644BB0066E84F /* Build configuration list for PBXNativeTarget "DevToutiaoTests" */;
			buildPhases = (
				EDE244561BB644BB0066E84F /* Sources */,
				EDE244571BB644BB0066E84F /* Frameworks */,
				EDE244581BB644BB0066E84F /* Resources */,
			);
			buildRules = (
			);
			dependencies = (
				EDE2445C1BB644BB0066E84F /* PBXTargetDependency */,
			);
			name = DevToutiaoTests;
			productName = DevToutiaoTests;
			productReference = EDE2445A1BB644BB0066E84F /* DevToutiaoTests.xctest */;
			productType = "com.apple.product-type.bundle.unit-test";
		};
		EDE244641BB644BB0066E84F /* DevToutiaoUITests */ = {
			isa = PBXNativeTarget;
			buildConfigurationList = EDE244741BB644BB0066E84F /* Build configuration list for PBXNativeTarget "DevToutiaoUITests" */;
			buildPhases = (
				EDE244611BB644BB0066E84F /* Sources */,
				EDE244621BB644BB0066E84F /* Frameworks */,
				EDE244631BB644BB0066E84F /* Resources */,
			);
			buildRules = (
			);
			dependencies = (
				EDE244671BB644BB0066E84F /* PBXTargetDependency */,
			);
			name = DevToutiaoUITests;
			productName = DevToutiaoUITests;
			productReference = EDE244651BB644BB0066E84F /* DevToutiaoUITests.xctest */;
			productType = "com.apple.product-type.bundle.ui-testing";
		};
/* End PBXNativeTarget section */

/* Begin PBXProject section */
		EDE244391BB644BB0066E84F /* Project object */ = {
			isa = PBXProject;
			attributes = {
				LastUpgradeCheck = 0700;
				ORGANIZATIONNAME = alezai;
				TargetAttributes = {
					EDE244401BB644BB0066E84F = {
						CreatedOnToolsVersion = 7.0;
						DevelopmentTeam = 55PDK2K658;
					};
					EDE244591BB644BB0066E84F = {
						CreatedOnToolsVersion = 7.0;
						DevelopmentTeam = 55PDK2K658;
						TestTargetID = EDE244401BB644BB0066E84F;
					};
					EDE244641BB644BB0066E84F = {
						CreatedOnToolsVersion = 7.0;
						DevelopmentTeam = 55PDK2K658;
						TestTargetID = EDE244401BB644BB0066E84F;
					};
				};
			};
			buildConfigurationList = EDE2443C1BB644BB0066E84F /* Build configuration list for PBXProject "DevToutiao" */;
			compatibilityVersion = "Xcode 3.2";
			developmentRegion = English;
			hasScannedForEncodings = 0;
			knownRegions = (
				en,
				Base,
			);
			mainGroup = EDE244381BB644BB0066E84F;
			productRefGroup = EDE244421BB644BB0066E84F /* Products */;
			projectDirPath = "";
			projectRoot = "";
			targets = (
				EDE244401BB644BB0066E84F /* DevToutiao */,
				EDE244591BB644BB0066E84F /* DevToutiaoTests */,
				EDE244641BB644BB0066E84F /* DevToutiaoUITests */,
			);
		};
/* End PBXProject section */

/* Begin PBXResourcesBuildPhase section */
		EDE2443F1BB644BB0066E84F /* Resources */ = {
			isa = PBXResourcesBuildPhase;
			buildActionMask = 2147483647;
			files = (
				EDE244541BB644BB0066E84F /* LaunchScreen.storyboard in Resources */,
				EDE244511BB644BB0066E84F /* Assets.xcassets in Resources */,
				EDE2444F1BB644BB0066E84F /* Main.storyboard in Resources */,
			);
			runOnlyForDeploymentPostprocessing = 0;
		};
		EDE244581BB644BB0066E84F /* Resources */ = {
			isa = PBXResourcesBuildPhase;
			buildActionMask = 2147483647;
			files = (
			);
			runOnlyForDeploymentPostprocessing = 0;
		};
		EDE244631BB644BB0066E84F /* Resources */ = {
			isa = PBXResourcesBuildPhase;
			buildActionMask = 2147483647;
			files = (
			);
			runOnlyForDeploymentPostprocessing = 0;
		};
/* End PBXResourcesBuildPhase section */

/* Begin PBXShellScriptBuildPhase section */
		1E3776B7BE85CC11215474EA /* Embed Pods Frameworks */ = {
			isa = PBXShellScriptBuildPhase;
			buildActionMask = 2147483647;
			files = (
			);
			inputPaths = (
			);
			name = "Embed Pods Frameworks";
			outputPaths = (
			);
			runOnlyForDeploymentPostprocessing = 0;
			shellPath = /bin/sh;
			shellScript = "\"${SRCROOT}/Pods/Target Support Files/Pods/Pods-frameworks.sh\"\n";
			showEnvVarsInLog = 0;
		};
		331472F0998C4C6862E35179 /* Copy Pods Resources */ = {
			isa = PBXShellScriptBuildPhase;
			buildActionMask = 2147483647;
			files = (
			);
			inputPaths = (
			);
			name = "Copy Pods Resources";
			outputPaths = (
			);
			runOnlyForDeploymentPostprocessing = 0;
			shellPath = /bin/sh;
			shellScript = "\"${SRCROOT}/Pods/Target Support Files/Pods/Pods-resources.sh\"\n";
			showEnvVarsInLog = 0;
		};
		F56BC7DF4A249253B512F59F /* Check Pods Manifest.lock */ = {
			isa = PBXShellScriptBuildPhase;
			buildActionMask = 2147483647;
			files = (
			);
			inputPaths = (
			);
			name = "Check Pods Manifest.lock";
			outputPaths = (
			);
			runOnlyForDeploymentPostprocessing = 0;
			shellPath = /bin/sh;
			shellScript = "diff \"${PODS_ROOT}/../Podfile.lock\" \"${PODS_ROOT}/Manifest.lock\" > /dev/null\nif [[ $? != 0 ]] ; then\n    cat << EOM\nerror: The sandbox is not in sync with the Podfile.lock. Run 'pod install' or update your CocoaPods installation.\nEOM\n    exit 1\nfi\n";
			showEnvVarsInLog = 0;
		};
/* End PBXShellScriptBuildPhase section */

/* Begin PBXSourcesBuildPhase section */
		EDE2443D1BB644BB0066E84F /* Sources */ = {
			isa = PBXSourcesBuildPhase;
			buildActionMask = 2147483647;
			files = (
				EDE2448C1BB6D44B0066E84F /* DTArticleCell.m in Sources */,
				EDE244861BB68A570066E84F /* DTHomeTableViewController.m in Sources */,
				EDDE7DC71BB8C53A00C24368 /* DTDetailViewContoller.m in Sources */,
				EDC716EA1BB8CCAD008B2CF0 /* DTDetailArticle.m in Sources */,
				EDE2447B1BB680250066E84F /* DTDailies.m in Sources */,
				EDD73CA71BB9924000DD3FD8 /* ALHeaderView.m in Sources */,
				EDE244491BB644BB0066E84F /* AppDelegate.m in Sources */,
				EDE2447F1BB680E40066E84F /* DTArticle.m in Sources */,
				EDE244461BB644BB0066E84F /* main.m in Sources */,
			);
			runOnlyForDeploymentPostprocessing = 0;
		};
		EDE244561BB644BB0066E84F /* Sources */ = {
			isa = PBXSourcesBuildPhase;
			buildActionMask = 2147483647;
			files = (
				EDE2445F1BB644BB0066E84F /* DevToutiaoTests.m in Sources */,
			);
			runOnlyForDeploymentPostprocessing = 0;
		};
		EDE244611BB644BB0066E84F /* Sources */ = {
			isa = PBXSourcesBuildPhase;
			buildActionMask = 2147483647;
			files = (
				EDE2446A1BB644BB0066E84F /* DevToutiaoUITests.m in Sources */,
			);
			runOnlyForDeploymentPostprocessing = 0;
		};
/* End PBXSourcesBuildPhase section */

/* Begin PBXTargetDependency section */
		EDE2445C1BB644BB0066E84F /* PBXTargetDependency */ = {
			isa = PBXTargetDependency;
			target = EDE244401BB644BB0066E84F /* DevToutiao */;
			targetProxy = EDE2445B1BB644BB0066E84F /* PBXContainerItemProxy */;
		};
		EDE244671BB644BB0066E84F /* PBXTargetDependency */ = {
			isa = PBXTargetDependency;
			target = EDE244401BB644BB0066E84F /* DevToutiao */;
			targetProxy = EDE244661BB644BB0066E84F /* PBXContainerItemProxy */;
		};
/* End PBXTargetDependency section */

/* Begin PBXVariantGroup section */
		EDE2444D1BB644BB0066E84F /* Main.storyboard */ = {
			isa = PBXVariantGroup;
			children = (
				EDE2444E1BB644BB0066E84F /* Base */,
			);
			name = Main.storyboard;
			sourceTree = "<group>";
		};
		EDE244521BB644BB0066E84F /* LaunchScreen.storyboard */ = {
			isa = PBXVariantGroup;
			children = (
				EDE244531BB644BB0066E84F /* Base */,
			);
			name = LaunchScreen.storyboard;
			sourceTree = "<group>";
		};
/* End PBXVariantGroup section */

/* Begin XCBuildConfiguration section */
		EDE2446C1BB644BB0066E84F /* Debug */ = {
			isa = XCBuildConfiguration;
			buildSettings = {
				ALWAYS_SEARCH_USER_PATHS = NO;
				CLANG_CXX_LANGUAGE_STANDARD = "gnu++0x";
				CLANG_CXX_LIBRARY = "libc++";
				CLANG_ENABLE_MODULES = YES;
				CLANG_ENABLE_OBJC_ARC = YES;
				CLANG_WARN_BOOL_CONVERSION = YES;
				CLANG_WARN_CONSTANT_CONVERSION = YES;
				CLANG_WARN_DIRECT_OBJC_ISA_USAGE = YES_ERROR;
				CLANG_WARN_EMPTY_BODY = YES;
				CLANG_WARN_ENUM_CONVERSION = YES;
				CLANG_WARN_INT_CONVERSION = YES;
				CLANG_WARN_OBJC_ROOT_CLASS = YES_ERROR;
				CLANG_WARN_UNREACHABLE_CODE = YES;
				CLANG_WARN__DUPLICATE_METHOD_MATCH = YES;
				"CODE_SIGN_IDENTITY[sdk=iphoneos*]" = "iPhone Developer";
				COPY_PHASE_STRIP = NO;
				DEBUG_INFORMATION_FORMAT = dwarf;
				ENABLE_STRICT_OBJC_MSGSEND = YES;
				ENABLE_TESTABILITY = YES;
				GCC_C_LANGUAGE_STANDARD = gnu99;
				GCC_DYNAMIC_NO_PIC = NO;
				GCC_NO_COMMON_BLOCKS = YES;
				GCC_OPTIMIZATION_LEVEL = 0;
				GCC_PREPROCESSOR_DEFINITIONS = (
					"DEBUG=1",
					"$(inherited)",
				);
				GCC_WARN_64_TO_32_BIT_CONVERSION = YES;
				GCC_WARN_ABOUT_RETURN_TYPE = YES_ERROR;
				GCC_WARN_UNDECLARED_SELECTOR = YES;
				GCC_WARN_UNINITIALIZED_AUTOS = YES_AGGRESSIVE;
				GCC_WARN_UNUSED_FUNCTION = YES;
				GCC_WARN_UNUSED_VARIABLE = YES;
				IPHONEOS_DEPLOYMENT_TARGET = 9.0;
				MTL_ENABLE_DEBUG_INFO = YES;
				ONLY_ACTIVE_ARCH = YES;
				SDKROOT = iphoneos;
				TARGETED_DEVICE_FAMILY = "1,2";
			};
			name = Debug;
		};
		EDE2446D1BB644BB0066E84F /* Release */ = {
			isa = XCBuildConfiguration;
			buildSettings = {
				ALWAYS_SEARCH_USER_PATHS = NO;
				CLANG_CXX_LANGUAGE_STANDARD = "gnu++0x";
				CLANG_CXX_LIBRARY = "libc++";
				CLANG_ENABLE_MODULES = YES;
				CLANG_ENABLE_OBJC_ARC = YES;
				CLANG_WARN_BOOL_CONVERSION = YES;
				CLANG_WARN_CONSTANT_CONVERSION = YES;
				CLANG_WARN_DIRECT_OBJC_ISA_USAGE = YES_ERROR;
				CLANG_WARN_EMPTY_BODY = YES;
				CLANG_WARN_ENUM_CONVERSION = YES;
				CLANG_WARN_INT_CONVERSION = YES;
				CLANG_WARN_OBJC_ROOT_CLASS = YES_ERROR;
				CLANG_WARN_UNREACHABLE_CODE = YES;
				CLANG_WARN__DUPLICATE_METHOD_MATCH = YES;
				"CODE_SIGN_IDENTITY[sdk=iphoneos*]" = "iPhone Developer";
				COPY_PHASE_STRIP = NO;
				DEBUG_INFORMATION_FORMAT = "dwarf-with-dsym";
				ENABLE_NS_ASSERTIONS = NO;
				ENABLE_STRICT_OBJC_MSGSEND = YES;
				GCC_C_LANGUAGE_STANDARD = gnu99;
				GCC_NO_COMMON_BLOCKS = YES;
				GCC_WARN_64_TO_32_BIT_CONVERSION = YES;
				GCC_WARN_ABOUT_RETURN_TYPE = YES_ERROR;
				GCC_WARN_UNDECLARED_SELECTOR = YES;
				GCC_WARN_UNINITIALIZED_AUTOS = YES_AGGRESSIVE;
				GCC_WARN_UNUSED_FUNCTION = YES;
				GCC_WARN_UNUSED_VARIABLE = YES;
				IPHONEOS_DEPLOYMENT_TARGET = 9.0;
				MTL_ENABLE_DEBUG_INFO = NO;
				SDKROOT = iphoneos;
				TARGETED_DEVICE_FAMILY = "1,2";
				VALIDATE_PRODUCT = YES;
			};
			name = Release;
		};
		EDE2446F1BB644BB0066E84F /* Debug */ = {
			isa = XCBuildConfiguration;
			baseConfigurationReference = 623AD2CF4F8D7F35C4129A9F /* Pods.debug.xcconfig */;
			buildSettings = {
				ASSETCATALOG_COMPILER_APPICON_NAME = AppIcon;
				INFOPLIST_FILE = DevToutiao/Info.plist;
				LD_RUNPATH_SEARCH_PATHS = "$(inherited) @executable_path/Frameworks";
				PRODUCT_BUNDLE_IDENTIFIER = alezai.DevToutiao;
				PRODUCT_NAME = "$(TARGET_NAME)";
			};
			name = Debug;
		};
		EDE244701BB644BB0066E84F /* Release */ = {
			isa = XCBuildConfiguration;
			baseConfigurationReference = C08781E0005BC9F6D33E0C2B /* Pods.release.xcconfig */;
			buildSettings = {
				ASSETCATALOG_COMPILER_APPICON_NAME = AppIcon;
				INFOPLIST_FILE = DevToutiao/Info.plist;
				LD_RUNPATH_SEARCH_PATHS = "$(inherited) @executable_path/Frameworks";
				PRODUCT_BUNDLE_IDENTIFIER = alezai.DevToutiao;
				PRODUCT_NAME = "$(TARGET_NAME)";
			};
			name = Release;
		};
		EDE244721BB644BB0066E84F /* Debug */ = {
			isa = XCBuildConfiguration;
			buildSettings = {
				BUNDLE_LOADER = "$(TEST_HOST)";
				INFOPLIST_FILE = DevToutiaoTests/Info.plist;
				LD_RUNPATH_SEARCH_PATHS = "$(inherited) @executable_path/Frameworks @loader_path/Frameworks";
				PRODUCT_BUNDLE_IDENTIFIER = alezai.DevToutiaoTests;
				PRODUCT_NAME = "$(TARGET_NAME)";
				TEST_HOST = "$(BUILT_PRODUCTS_DIR)/DevToutiao.app/DevToutiao";
			};
			name = Debug;
		};
		EDE244731BB644BB0066E84F /* Release */ = {
			isa = XCBuildConfiguration;
			buildSettings = {
				BUNDLE_LOADER = "$(TEST_HOST)";
				INFOPLIST_FILE = DevToutiaoTests/Info.plist;
				LD_RUNPATH_SEARCH_PATHS = "$(inherited) @executable_path/Frameworks @loader_path/Frameworks";
				PRODUCT_BUNDLE_IDENTIFIER = alezai.DevToutiaoTests;
				PRODUCT_NAME = "$(TARGET_NAME)";
				TEST_HOST = "$(BUILT_PRODUCTS_DIR)/DevToutiao.app/DevToutiao";
			};
			name = Release;
		};
		EDE244751BB644BB0066E84F /* Debug */ = {
			isa = XCBuildConfiguration;
			buildSettings = {
				INFOPLIST_FILE = DevToutiaoUITests/Info.plist;
				LD_RUNPATH_SEARCH_PATHS = "$(inherited) @executable_path/Frameworks @loader_path/Frameworks";
				PRODUCT_BUNDLE_IDENTIFIER = alezai.DevToutiaoUITests;
				PRODUCT_NAME = "$(TARGET_NAME)";
				TEST_TARGET_NAME = DevToutiao;
				USES_XCTRUNNER = YES;
			};
			name = Debug;
		};
		EDE244761BB644BB0066E84F /* Release */ = {
			isa = XCBuildConfiguration;
			buildSettings = {
				INFOPLIST_FILE = DevToutiaoUITests/Info.plist;
				LD_RUNPATH_SEARCH_PATHS = "$(inherited) @executable_path/Frameworks @loader_path/Frameworks";
				PRODUCT_BUNDLE_IDENTIFIER = alezai.DevToutiaoUITests;
				PRODUCT_NAME = "$(TARGET_NAME)";
				TEST_TARGET_NAME = DevToutiao;
				USES_XCTRUNNER = YES;
			};
			name = Release;
		};
/* End XCBuildConfiguration section */

/* Begin XCConfigurationList section */
		EDE2443C1BB644BB0066E84F /* Build configuration list for PBXProject "DevToutiao" */ = {
			isa = XCConfigurationList;
			buildConfigurations = (
				EDE2446C1BB644BB0066E84F /* Debug */,
				EDE2446D1BB644BB0066E84F /* Release */,
			);
			defaultConfigurationIsVisible = 0;
			defaultConfigurationName = Release;
		};
		EDE2446E1BB644BB0066E84F /* Build configuration list for PBXNativeTarget "DevToutiao" */ = {
			isa = XCConfigurationList;
			buildConfigurations = (
				EDE2446F1BB644BB0066E84F /* Debug */,
				EDE244701BB644BB0066E84F /* Release */,
			);
			defaultConfigurationIsVisible = 0;
			defaultConfigurationName = Release;
		};
		EDE244711BB644BB0066E84F /* Build configuration list for PBXNativeTarget "DevToutiaoTests" */ = {
			isa = XCConfigurationList;
			buildConfigurations = (
				EDE244721BB644BB0066E84F /* Debug */,
				EDE244731BB644BB0066E84F /* Release */,
			);
			defaultConfigurationIsVisible = 0;
			defaultConfigurationName = Release;
		};
		EDE244741BB644BB0066E84F /* Build configuration list for PBXNativeTarget "DevToutiaoUITests" */ = {
			isa = XCConfigurationList;
			buildConfigurations = (
				EDE244751BB644BB0066E84F /* Debug */,
				EDE244761BB644BB0066E84F /* Release */,
			);
			defaultConfigurationIsVisible = 0;
			defaultConfigurationName = Release;
		};
/* End XCConfigurationList section */
	};
	rootObject = EDE244391BB644BB0066E84F /* Project object */;
}
